
Microsoft Visual Studio Solution File, Format Version 12.00
# Visual Studio Version 17
VisualStudioVersion = 17.13.35931.197 d17.13
MinimumVisualStudioVersion = 10.0.40219.1
Project("{FAE04EC0-301F-11D3-BF4B-00C04F79EFBC}") = "signGen", "signGen\signGen.csproj", "{24B2A806-63FC-496A-8AFF-F2E08BE97037}"
EndProject
Global
	GlobalSection(SolutionConfigurationPlatforms) = preSolution
		Debug|Any CPU = Debug|Any CPU
		Release|Any CPU = Release|Any CPU
	EndGlobalSection
	GlobalSection(ProjectConfigurationPlatforms) = postSolution
		{24B2A806-63FC-496A-8AFF-F2E08BE97037}.Debug|Any CPU.ActiveCfg = Debug|Any CPU
		{24B2A806-63FC-496A-8AFF-F2E08BE97037}.Debug|Any CPU.Build.0 = Debug|Any CPU
		{24B2A806-63FC-496A-8AFF-F2E08BE97037}.Release|Any CPU.ActiveCfg = Release|Any CPU
		{24B2A806-63FC-496A-8AFF-F2E08BE97037}.Release|Any CPU.Build.0 = Release|Any CPU
	EndGlobalSection
	GlobalSection(SolutionProperties) = preSolution
		HideSolutionNode = FALSE
	EndGlobalSection
	GlobalSection(ExtensibilityGlobals) = postSolution
		SolutionGuid = {24AB2E52-DF6B-41B8-8505-097BA8DEEF14}
	EndGlobalSection
EndGlobal
